// !$*UTF8*$!
{
	archiveVersion = 1;
	classes = {
	};
	objectVersion = 46;
	objects = {

/* Begin PBXBuildFile section */
		0F69E7B51649302E0045471E /* NSObject+SBJson.m in Sources */ = {isa = PBXBuildFile; fileRef = 0F69E79D1649302E0045471E /* NSObject+SBJson.m */; };
		0F69E7B61649302E0045471E /* SBJsonParser.m in Sources */ = {isa = PBXBuildFile; fileRef = 0F69E7A01649302E0045471E /* SBJsonParser.m */; };
		0F69E7B71649302E0045471E /* SBJsonStreamParser.m in Sources */ = {isa = PBXBuildFile; fileRef = 0F69E7A21649302E0045471E /* SBJsonStreamParser.m */; };
		0F69E7B81649302E0045471E /* SBJsonStreamParserAccumulator.m in Sources */ = {isa = PBXBuildFile; fileRef = 0F69E7A41649302E0045471E /* SBJsonStreamParserAccumulator.m */; };
		0F69E7B91649302E0045471E /* SBJsonStreamParserAdapter.m in Sources */ = {isa = PBXBuildFile; fileRef = 0F69E7A61649302E0045471E /* SBJsonStreamParserAdapter.m */; };
		0F69E7BA1649302E0045471E /* SBJsonStreamParserState.m in Sources */ = {isa = PBXBuildFile; fileRef = 0F69E7A81649302E0045471E /* SBJsonStreamParserState.m */; };
		0F69E7BB1649302E0045471E /* SBJsonStreamWriter.m in Sources */ = {isa = PBXBuildFile; fileRef = 0F69E7AA1649302E0045471E /* SBJsonStreamWriter.m */; };
		0F69E7BC1649302E0045471E /* SBJsonStreamWriterAccumulator.m in Sources */ = {isa = PBXBuildFile; fileRef = 0F69E7AC1649302E0045471E /* SBJsonStreamWriterAccumulator.m */; };
		0F69E7BD1649302E0045471E /* SBJsonStreamWriterState.m in Sources */ = {isa = PBXBuildFile; fileRef = 0F69E7AE1649302E0045471E /* SBJsonStreamWriterState.m */; };
		0F69E7BE1649302E0045471E /* SBJsonTokeniser.m in Sources */ = {isa = PBXBuildFile; fileRef = 0F69E7B01649302E0045471E /* SBJsonTokeniser.m */; };
		0F69E7BF1649302E0045471E /* SBJsonUTF8Stream.m in Sources */ = {isa = PBXBuildFile; fileRef = 0F69E7B21649302E0045471E /* SBJsonUTF8Stream.m */; };
		0F69E7C01649302E0045471E /* SBJsonWriter.m in Sources */ = {isa = PBXBuildFile; fileRef = 0F69E7B41649302E0045471E /* SBJsonWriter.m */; };
		0F98DC8016490E700045A8E9 /* Default.png in Resources */ = {isa = PBXBuildFile; fileRef = 0F98DC7816490E700045A8E9 /* Default.png */; };
		0F98DC8116490E700045A8E9 /* Default@2x.png in Resources */ = {isa = PBXBuildFile; fileRef = 0F98DC7916490E700045A8E9 /* Default@2x.png */; };
		0F98DC8216490E700045A8E9 /* Icon-72.png in Resources */ = {isa = PBXBuildFile; fileRef = 0F98DC7A16490E700045A8E9 /* Icon-72.png */; };
		0F98DC8316490E700045A8E9 /* Icon-72@2x.png in Resources */ = {isa = PBXBuildFile; fileRef = 0F98DC7B16490E700045A8E9 /* Icon-72@2x.png */; };
		0F98DC8416490E700045A8E9 /* Icon-Small.png in Resources */ = {isa = PBXBuildFile; fileRef = 0F98DC7C16490E700045A8E9 /* Icon-Small.png */; };
		0F98DC8516490E700045A8E9 /* Icon-Small@2x.png in Resources */ = {isa = PBXBuildFile; fileRef = 0F98DC7D16490E700045A8E9 /* Icon-Small@2x.png */; };
		0F98DC8616490E700045A8E9 /* Icon.png in Resources */ = {isa = PBXBuildFile; fileRef = 0F98DC7E16490E700045A8E9 /* Icon.png */; };
		0F98DC8716490E700045A8E9 /* Icon@2x.png in Resources */ = {isa = PBXBuildFile; fileRef = 0F98DC7F16490E700045A8E9 /* Icon@2x.png */; };
		0F98DC9116490E790045A8E9 /* background_home.png in Resources */ = {isa = PBXBuildFile; fileRef = 0F98DC8916490E790045A8E9 /* background_home.png */; };
		0F98DC9216490E790045A8E9 /* check_home.png in Resources */ = {isa = PBXBuildFile; fileRef = 0F98DC8A16490E790045A8E9 /* check_home.png */; };
		0F98DC9316490E790045A8E9 /* con_home.png in Resources */ = {isa = PBXBuildFile; fileRef = 0F98DC8B16490E790045A8E9 /* con_home.png */; };
		0F98DC9416490E790045A8E9 /* exam_home.png in Resources */ = {isa = PBXBuildFile; fileRef = 0F98DC8C16490E790045A8E9 /* exam_home.png */; };
		0F98DC9516490E790045A8E9 /* infor_home.png in Resources */ = {isa = PBXBuildFile; fileRef = 0F98DC8D16490E790045A8E9 /* infor_home.png */; };
		0F98DC9616490E790045A8E9 /* monitor_home.png in Resources */ = {isa = PBXBuildFile; fileRef = 0F98DC8E16490E790045A8E9 /* monitor_home.png */; };
		0F98DC9716490E790045A8E9 /* scoll_home.png in Resources */ = {isa = PBXBuildFile; fileRef = 0F98DC8F16490E790045A8E9 /* scoll_home.png */; };
		0F98DC9816490E790045A8E9 /* seting_home.png in Resources */ = {isa = PBXBuildFile; fileRef = 0F98DC9016490E790045A8E9 /* seting_home.png */; };
		0F98DC9B16490EB80045A8E9 /* iCarousel.m in Sources */ = {isa = PBXBuildFile; fileRef = 0F98DC9A16490EB80045A8E9 /* iCarousel.m */; };
		0F98DC9D16490ED00045A8E9 /* QuartzCore.framework in Frameworks */ = {isa = PBXBuildFile; fileRef = 0F98DC9C16490ED00045A8E9 /* QuartzCore.framework */; };
		0F995892164908A900944124 /* UIKit.framework in Frameworks */ = {isa = PBXBuildFile; fileRef = 0F995891164908A900944124 /* UIKit.framework */; };
		0F995894164908A900944124 /* Foundation.framework in Frameworks */ = {isa = PBXBuildFile; fileRef = 0F995893164908A900944124 /* Foundation.framework */; };
		0F995896164908A900944124 /* CoreGraphics.framework in Frameworks */ = {isa = PBXBuildFile; fileRef = 0F995895164908A900944124 /* CoreGraphics.framework */; };
		0F99589C164908A900944124 /* InfoPlist.strings in Resources */ = {isa = PBXBuildFile; fileRef = 0F99589A164908A900944124 /* InfoPlist.strings */; };
		0F99589E164908A900944124 /* main.m in Sources */ = {isa = PBXBuildFile; fileRef = 0F99589D164908A900944124 /* main.m */; };
		0F9958A2164908A900944124 /* AppDelegate.m in Sources */ = {isa = PBXBuildFile; fileRef = 0F9958A1164908A900944124 /* AppDelegate.m */; };
		0F9958B01649092D00944124 /* InformationViewController.m in Sources */ = {isa = PBXBuildFile; fileRef = 0F9958AE1649092D00944124 /* InformationViewController.m */; };
		0F9958B11649092D00944124 /* InformationViewController.xib in Resources */ = {isa = PBXBuildFile; fileRef = 0F9958AF1649092D00944124 /* InformationViewController.xib */; };
		0F9958B51649096800944124 /* ExperienceViewController.m in Sources */ = {isa = PBXBuildFile; fileRef = 0F9958B31649096800944124 /* ExperienceViewController.m */; };
		0F9958B61649096800944124 /* ExperienceViewController.xib in Resources */ = {isa = PBXBuildFile; fileRef = 0F9958B41649096800944124 /* ExperienceViewController.xib */; };
		0F9958BA1649097600944124 /* WatchViewController.m in Sources */ = {isa = PBXBuildFile; fileRef = 0F9958B81649097600944124 /* WatchViewController.m */; };
		0F9958BB1649097600944124 /* WatchViewController.xib in Resources */ = {isa = PBXBuildFile; fileRef = 0F9958B91649097600944124 /* WatchViewController.xib */; };
		0F9958BF1649098300944124 /* EditerViewController.m in Sources */ = {isa = PBXBuildFile; fileRef = 0F9958BD1649098300944124 /* EditerViewController.m */; };
		0F9958C01649098300944124 /* EditerViewController.xib in Resources */ = {isa = PBXBuildFile; fileRef = 0F9958BE1649098300944124 /* EditerViewController.xib */; };
		0F9958C41649099700944124 /* MainViewController.m in Sources */ = {isa = PBXBuildFile; fileRef = 0F9958C21649099700944124 /* MainViewController.m */; };
/* End PBXBuildFile section */

/* Begin PBXFileReference section */
		0F69E79C1649302E0045471E /* NSObject+SBJson.h */ = {isa = PBXFileReference; fileEncoding = 4; lastKnownFileType = sourcecode.c.h; path = "NSObject+SBJson.h"; sourceTree = "<group>"; };
		0F69E79D1649302E0045471E /* NSObject+SBJson.m */ = {isa = PBXFileReference; fileEncoding = 4; lastKnownFileType = sourcecode.c.objc; path = "NSObject+SBJson.m"; sourceTree = "<group>"; };
		0F69E79E1649302E0045471E /* SBJson.h */ = {isa = PBXFileReference; fileEncoding = 4; lastKnownFileType = sourcecode.c.h; path = SBJson.h; sourceTree = "<group>"; };
		0F69E79F1649302E0045471E /* SBJsonParser.h */ = {isa = PBXFileReference; fileEncoding = 4; lastKnownFileType = sourcecode.c.h; path = SBJsonParser.h; sourceTree = "<group>"; };
		0F69E7A01649302E0045471E /* SBJsonParser.m */ = {isa = PBXFileReference; fileEncoding = 4; lastKnownFileType = sourcecode.c.objc; path = SBJsonParser.m; sourceTree = "<group>"; };
		0F69E7A11649302E0045471E /* SBJsonStreamParser.h */ = {isa = PBXFileReference; fileEncoding = 4; lastKnownFileType = sourcecode.c.h; path = SBJsonStreamParser.h; sourceTree = "<group>"; };
		0F69E7A21649302E0045471E /* SBJsonStreamParser.m */ = {isa = PBXFileReference; fileEncoding = 4; lastKnownFileType = sourcecode.c.objc; path = SBJsonStreamParser.m; sourceTree = "<group>"; };
		0F69E7A31649302E0045471E /* SBJsonStreamParserAccumulator.h */ = {isa = PBXFileReference; fileEncoding = 4; lastKnownFileType = sourcecode.c.h; path = SBJsonStreamParserAccumulator.h; sourceTree = "<group>"; };
		0F69E7A41649302E0045471E /* SBJsonStreamParserAccumulator.m */ = {isa = PBXFileReference; fileEncoding = 4; lastKnownFileType = sourcecode.c.objc; path = SBJsonStreamParserAccumulator.m; sourceTree = "<group>"; };
		0F69E7A51649302E0045471E /* SBJsonStreamParserAdapter.h */ = {isa = PBXFileReference; fileEncoding = 4; lastKnownFileType = sourcecode.c.h; path = SBJsonStreamParserAdapter.h; sourceTree = "<group>"; };
		0F69E7A61649302E0045471E /* SBJsonStreamParserAdapter.m */ = {isa = PBXFileReference; fileEncoding = 4; lastKnownFileType = sourcecode.c.objc; path = SBJsonStreamParserAdapter.m; sourceTree = "<group>"; };
		0F69E7A71649302E0045471E /* SBJsonStreamParserState.h */ = {isa = PBXFileReference; fileEncoding = 4; lastKnownFileType = sourcecode.c.h; path = SBJsonStreamParserState.h; sourceTree = "<group>"; };
		0F69E7A81649302E0045471E /* SBJsonStreamParserState.m */ = {isa = PBXFileReference; fileEncoding = 4; lastKnownFileType = sourcecode.c.objc; path = SBJsonStreamParserState.m; sourceTree = "<group>"; };
		0F69E7A91649302E0045471E /* SBJsonStreamWriter.h */ = {isa = PBXFileReference; fileEncoding = 4; lastKnownFileType = sourcecode.c.h; path = SBJsonStreamWriter.h; sourceTree = "<group>"; };
		0F69E7AA1649302E0045471E /* SBJsonStreamWriter.m */ = {isa = PBXFileReference; fileEncoding = 4; lastKnownFileType = sourcecode.c.objc; path = SBJsonStreamWriter.m; sourceTree = "<group>"; };
		0F69E7AB1649302E0045471E /* SBJsonStreamWriterAccumulator.h */ = {isa = PBXFileReference; fileEncoding = 4; lastKnownFileType = sourcecode.c.h; path = SBJsonStreamWriterAccumulator.h; sourceTree = "<group>"; };
		0F69E7AC1649302E0045471E /* SBJsonStreamWriterAccumulator.m */ = {isa = PBXFileReference; fileEncoding = 4; lastKnownFileType = sourcecode.c.objc; path = SBJsonStreamWriterAccumulator.m; sourceTree = "<group>"; };
		0F69E7AD1649302E0045471E /* SBJsonStreamWriterState.h */ = {isa = PBXFileReference; fileEncoding = 4; lastKnownFileType = sourcecode.c.h; path = SBJsonStreamWriterState.h; sourceTree = "<group>"; };
		0F69E7AE1649302E0045471E /* SBJsonStreamWriterState.m */ = {isa = PBXFileReference; fileEncoding = 4; lastKnownFileType = sourcecode.c.objc; path = SBJsonStreamWriterState.m; sourceTree = "<group>"; };
		0F69E7AF1649302E0045471E /* SBJsonTokeniser.h */ = {isa = PBXFileReference; fileEncoding = 4; lastKnownFileType = sourcecode.c.h; path = SBJsonTokeniser.h; sourceTree = "<group>"; };
		0F69E7B01649302E0045471E /* SBJsonTokeniser.m */ = {isa = PBXFileReference; fileEncoding = 4; lastKnownFileType = sourcecode.c.objc; path = SBJsonTokeniser.m; sourceTree = "<group>"; };
		0F69E7B11649302E0045471E /* SBJsonUTF8Stream.h */ = {isa = PBXFileReference; fileEncoding = 4; lastKnownFileType = sourcecode.c.h; path = SBJsonUTF8Stream.h; sourceTree = "<group>"; };
		0F69E7B21649302E0045471E /* SBJsonUTF8Stream.m */ = {isa = PBXFileReference; fileEncoding = 4; lastKnownFileType = sourcecode.c.objc; path = SBJsonUTF8Stream.m; sourceTree = "<group>"; };
		0F69E7B31649302E0045471E /* SBJsonWriter.h */ = {isa = PBXFileReference; fileEncoding = 4; lastKnownFileType = sourcecode.c.h; path = SBJsonWriter.h; sourceTree = "<group>"; };
		0F69E7B41649302E0045471E /* SBJsonWriter.m */ = {isa = PBXFileReference; fileEncoding = 4; lastKnownFileType = sourcecode.c.objc; path = SBJsonWriter.m; sourceTree = "<group>"; };
		0F98DC7816490E700045A8E9 /* Default.png */ = {isa = PBXFileReference; lastKnownFileType = image.png; path = Default.png; sourceTree = "<group>"; };
		0F98DC7916490E700045A8E9 /* Default@2x.png */ = {isa = PBXFileReference; lastKnownFileType = image.png; path = "Default@2x.png"; sourceTree = "<group>"; };
		0F98DC7A16490E700045A8E9 /* Icon-72.png */ = {isa = PBXFileReference; lastKnownFileType = image.png; path = "Icon-72.png"; sourceTree = "<group>"; };
		0F98DC7B16490E700045A8E9 /* Icon-72@2x.png */ = {isa = PBXFileReference; lastKnownFileType = image.png; path = "Icon-72@2x.png"; sourceTree = "<group>"; };
		0F98DC7C16490E700045A8E9 /* Icon-Small.png */ = {isa = PBXFileReference; lastKnownFileType = image.png; path = "Icon-Small.png"; sourceTree = "<group>"; };
		0F98DC7D16490E700045A8E9 /* Icon-Small@2x.png */ = {isa = PBXFileReference; lastKnownFileType = image.png; path = "Icon-Small@2x.png"; sourceTree = "<group>"; };
		0F98DC7E16490E700045A8E9 /* Icon.png */ = {isa = PBXFileReference; lastKnownFileType = image.png; path = Icon.png; sourceTree = "<group>"; };
		0F98DC7F16490E700045A8E9 /* Icon@2x.png */ = {isa = PBXFileReference; lastKnownFileType = image.png; path = "Icon@2x.png"; sourceTree = "<group>"; };
		0F98DC8916490E790045A8E9 /* background_home.png */ = {isa = PBXFileReference; lastKnownFileType = image.png; path = background_home.png; sourceTree = "<group>"; };
		0F98DC8A16490E790045A8E9 /* check_home.png */ = {isa = PBXFileReference; lastKnownFileType = image.png; path = check_home.png; sourceTree = "<group>"; };
		0F98DC8B16490E790045A8E9 /* con_home.png */ = {isa = PBXFileReference; lastKnownFileType = image.png; path = con_home.png; sourceTree = "<group>"; };
		0F98DC8C16490E790045A8E9 /* exam_home.png */ = {isa = PBXFileReference; lastKnownFileType = image.png; path = exam_home.png; sourceTree = "<group>"; };
		0F98DC8D16490E790045A8E9 /* infor_home.png */ = {isa = PBXFileReference; lastKnownFileType = image.png; path = infor_home.png; sourceTree = "<group>"; };
		0F98DC8E16490E790045A8E9 /* monitor_home.png */ = {isa = PBXFileReference; lastKnownFileType = image.png; path = monitor_home.png; sourceTree = "<group>"; };
		0F98DC8F16490E790045A8E9 /* scoll_home.png */ = {isa = PBXFileReference; lastKnownFileType = image.png; path = scoll_home.png; sourceTree = "<group>"; };
		0F98DC9016490E790045A8E9 /* seting_home.png */ = {isa = PBXFileReference; lastKnownFileType = image.png; path = seting_home.png; sourceTree = "<group>"; };
		0F98DC9916490EB80045A8E9 /* iCarousel.h */ = {isa = PBXFileReference; fileEncoding = 4; lastKnownFileType = sourcecode.c.h; path = iCarousel.h; sourceTree = "<group>"; };
		0F98DC9A16490EB80045A8E9 /* iCarousel.m */ = {isa = PBXFileReference; fileEncoding = 4; lastKnownFileType = sourcecode.c.objc; path = iCarousel.m; sourceTree = "<group>"; };
		0F98DC9C16490ED00045A8E9 /* QuartzCore.framework */ = {isa = PBXFileReference; lastKnownFileType = wrapper.framework; name = QuartzCore.framework; path = System/Library/Frameworks/QuartzCore.framework; sourceTree = SDKROOT; };
		0F99588D164908A900944124 /* Moving.app */ = {isa = PBXFileReference; explicitFileType = wrapper.application; includeInIndex = 0; path = Moving.app; sourceTree = BUILT_PRODUCTS_DIR; };
		0F995891164908A900944124 /* UIKit.framework */ = {isa = PBXFileReference; lastKnownFileType = wrapper.framework; name = UIKit.framework; path = System/Library/Frameworks/UIKit.framework; sourceTree = SDKROOT; };
		0F995893164908A900944124 /* Foundation.framework */ = {isa = PBXFileReference; lastKnownFileType = wrapper.framework; name = Foundation.framework; path = System/Library/Frameworks/Foundation.framework; sourceTree = SDKROOT; };
		0F995895164908A900944124 /* CoreGraphics.framework */ = {isa = PBXFileReference; lastKnownFileType = wrapper.framework; name = CoreGraphics.framework; path = System/Library/Frameworks/CoreGraphics.framework; sourceTree = SDKROOT; };
		0F995899164908A900944124 /* Moving-Info.plist */ = {isa = PBXFileReference; lastKnownFileType = text.plist.xml; path = "Moving-Info.plist"; sourceTree = "<group>"; };
		0F99589B164908A900944124 /* en */ = {isa = PBXFileReference; lastKnownFileType = text.plist.strings; name = en; path = en.lproj/InfoPlist.strings; sourceTree = "<group>"; };
		0F99589D164908A900944124 /* main.m */ = {isa = PBXFileReference; lastKnownFileType = sourcecode.c.objc; path = main.m; sourceTree = "<group>"; };
		0F99589F164908A900944124 /* Moving-Prefix.pch */ = {isa = PBXFileReference; lastKnownFileType = sourcecode.c.h; path = "Moving-Prefix.pch"; sourceTree = "<group>"; };
		0F9958A0164908A900944124 /* AppDelegate.h */ = {isa = PBXFileReference; lastKnownFileType = sourcecode.c.h; path = AppDelegate.h; sourceTree = "<group>"; };
		0F9958A1164908A900944124 /* AppDelegate.m */ = {isa = PBXFileReference; lastKnownFileType = sourcecode.c.objc; path = AppDelegate.m; sourceTree = "<group>"; };
		0F9958AD1649092D00944124 /* InformationViewController.h */ = {isa = PBXFileReference; fileEncoding = 4; lastKnownFileType = sourcecode.c.h; path = InformationViewController.h; sourceTree = "<group>"; };
		0F9958AE1649092D00944124 /* InformationViewController.m */ = {isa = PBXFileReference; fileEncoding = 4; lastKnownFileType = sourcecode.c.objc; path = InformationViewController.m; sourceTree = "<group>"; };
		0F9958AF1649092D00944124 /* InformationViewController.xib */ = {isa = PBXFileReference; fileEncoding = 4; lastKnownFileType = file.xib; path = InformationViewController.xib; sourceTree = "<group>"; };
		0F9958B21649096800944124 /* ExperienceViewController.h */ = {isa = PBXFileReference; fileEncoding = 4; lastKnownFileType = sourcecode.c.h; path = ExperienceViewController.h; sourceTree = "<group>"; };
		0F9958B31649096800944124 /* ExperienceViewController.m */ = {isa = PBXFileReference; fileEncoding = 4; lastKnownFileType = sourcecode.c.objc; path = ExperienceViewController.m; sourceTree = "<group>"; };
		0F9958B41649096800944124 /* ExperienceViewController.xib */ = {isa = PBXFileReference; fileEncoding = 4; lastKnownFileType = file.xib; path = ExperienceViewController.xib; sourceTree = "<group>"; };
		0F9958B71649097600944124 /* WatchViewController.h */ = {isa = PBXFileReference; fileEncoding = 4; lastKnownFileType = sourcecode.c.h; path = WatchViewController.h; sourceTree = "<group>"; };
		0F9958B81649097600944124 /* WatchViewController.m */ = {isa = PBXFileReference; fileEncoding = 4; lastKnownFileType = sourcecode.c.objc; path = WatchViewController.m; sourceTree = "<group>"; };
		0F9958B91649097600944124 /* WatchViewController.xib */ = {isa = PBXFileReference; fileEncoding = 4; lastKnownFileType = file.xib; path = WatchViewController.xib; sourceTree = "<group>"; };
		0F9958BC1649098300944124 /* EditerViewController.h */ = {isa = PBXFileReference; fileEncoding = 4; lastKnownFileType = sourcecode.c.h; path = EditerViewController.h; sourceTree = "<group>"; };
		0F9958BD1649098300944124 /* EditerViewController.m */ = {isa = PBXFileReference; fileEncoding = 4; lastKnownFileType = sourcecode.c.objc; path = EditerViewController.m; sourceTree = "<group>"; };
		0F9958BE1649098300944124 /* EditerViewController.xib */ = {isa = PBXFileReference; fileEncoding = 4; lastKnownFileType = file.xib; path = EditerViewController.xib; sourceTree = "<group>"; };
		0F9958C11649099700944124 /* MainViewController.h */ = {isa = PBXFileReference; fileEncoding = 4; lastKnownFileType = sourcecode.c.h; path = MainViewController.h; sourceTree = "<group>"; };
		0F9958C21649099700944124 /* MainViewController.m */ = {isa = PBXFileReference; fileEncoding = 4; lastKnownFileType = sourcecode.c.objc; path = MainViewController.m; sourceTree = "<group>"; };
/* End PBXFileReference section */

/* Begin PBXFrameworksBuildPhase section */
		0F99588A164908A900944124 /* Frameworks */ = {
			isa = PBXFrameworksBuildPhase;
			buildActionMask = 2147483647;
			files = (
				0F98DC9D16490ED00045A8E9 /* QuartzCore.framework in Frameworks */,
				0F995892164908A900944124 /* UIKit.framework in Frameworks */,
				0F995894164908A900944124 /* Foundation.framework in Frameworks */,
				0F995896164908A900944124 /* CoreGraphics.framework in Frameworks */,
			);
			runOnlyForDeploymentPostprocessing = 0;
		};
/* End PBXFrameworksBuildPhase section */

/* Begin PBXGroup section */
		0F69E79A164930220045471E /* sb */ = {
			isa = PBXGroup;
			children = (
				0F69E79C1649302E0045471E /* NSObject+SBJson.h */,
				0F69E79D1649302E0045471E /* NSObject+SBJson.m */,
				0F69E79E1649302E0045471E /* SBJson.h */,
				0F69E79F1649302E0045471E /* SBJsonParser.h */,
				0F69E7A01649302E0045471E /* SBJsonParser.m */,
				0F69E7A11649302E0045471E /* SBJsonStreamParser.h */,
				0F69E7A21649302E0045471E /* SBJsonStreamParser.m */,
				0F69E7A31649302E0045471E /* SBJsonStreamParserAccumulator.h */,
				0F69E7A41649302E0045471E /* SBJsonStreamParserAccumulator.m */,
				0F69E7A51649302E0045471E /* SBJsonStreamParserAdapter.h */,
				0F69E7A61649302E0045471E /* SBJsonStreamParserAdapter.m */,
				0F69E7A71649302E0045471E /* SBJsonStreamParserState.h */,
				0F69E7A81649302E0045471E /* SBJsonStreamParserState.m */,
				0F69E7A91649302E0045471E /* SBJsonStreamWriter.h */,
				0F69E7AA1649302E0045471E /* SBJsonStreamWriter.m */,
				0F69E7AB1649302E0045471E /* SBJsonStreamWriterAccumulator.h */,
				0F69E7AC1649302E0045471E /* SBJsonStreamWriterAccumulator.m */,
				0F69E7AD1649302E0045471E /* SBJsonStreamWriterState.h */,
				0F69E7AE1649302E0045471E /* SBJsonStreamWriterState.m */,
				0F69E7AF1649302E0045471E /* SBJsonTokeniser.h */,
				0F69E7B01649302E0045471E /* SBJsonTokeniser.m */,
				0F69E7B11649302E0045471E /* SBJsonUTF8Stream.h */,
				0F69E7B21649302E0045471E /* SBJsonUTF8Stream.m */,
				0F69E7B31649302E0045471E /* SBJsonWriter.h */,
				0F69E7B41649302E0045471E /* SBJsonWriter.m */,
			);
			name = sb;
			sourceTree = "<group>";
		};
		0F98DC7716490E620045A8E9 /* pic */ = {
			isa = PBXGroup;
			children = (
				0F98DC8816490E790045A8E9 /* home */,
				0F98DC7816490E700045A8E9 /* Default.png */,
				0F98DC7916490E700045A8E9 /* Default@2x.png */,
				0F98DC7A16490E700045A8E9 /* Icon-72.png */,
				0F98DC7B16490E700045A8E9 /* Icon-72@2x.png */,
				0F98DC7C16490E700045A8E9 /* Icon-Small.png */,
				0F98DC7D16490E700045A8E9 /* Icon-Small@2x.png */,
				0F98DC7E16490E700045A8E9 /* Icon.png */,
				0F98DC7F16490E700045A8E9 /* Icon@2x.png */,
			);
			name = pic;
			sourceTree = "<group>";
		};
		0F98DC8816490E790045A8E9 /* home */ = {
			isa = PBXGroup;
			children = (
				0F98DC8916490E790045A8E9 /* background_home.png */,
				0F98DC8A16490E790045A8E9 /* check_home.png */,
				0F98DC8B16490E790045A8E9 /* con_home.png */,
				0F98DC8C16490E790045A8E9 /* exam_home.png */,
				0F98DC8D16490E790045A8E9 /* infor_home.png */,
				0F98DC8E16490E790045A8E9 /* monitor_home.png */,
				0F98DC8F16490E790045A8E9 /* scoll_home.png */,
				0F98DC9016490E790045A8E9 /* seting_home.png */,
			);
			path = home;
			sourceTree = "<group>";
		};
		0F995882164908A800944124 = {
			isa = PBXGroup;
			children = (
				0F69E79A164930220045471E /* sb */,
				0F98DC9C16490ED00045A8E9 /* QuartzCore.framework */,
				0F98DC7716490E620045A8E9 /* pic */,
				0F9958AC1649090600944124 /* Information */,
				0F9958AB164908E300944124 /* Experience */,
				0F9958AA164908DB00944124 /* Watch */,
				0F9958A9164908C700944124 /* Editer */,
				0F9958A8164908B900944124 /* Main */,
				0F995897164908A900944124 /* Moving */,
				0F995890164908A900944124 /* Frameworks */,
				0F99588E164908A900944124 /* Products */,
			);
			sourceTree = "<group>";
		};
		0F99588E164908A900944124 /* Products */ = {
			isa = PBXGroup;
			children = (
				0F99588D164908A900944124 /* Moving.app */,
			);
			name = Products;
			sourceTree = "<group>";
		};
		0F995890164908A900944124 /* Frameworks */ = {
			isa = PBXGroup;
			children = (
				0F995891164908A900944124 /* UIKit.framework */,
				0F995893164908A900944124 /* Foundation.framework */,
				0F995895164908A900944124 /* CoreGraphics.framework */,
			);
			name = Frameworks;
			sourceTree = "<group>";
		};
		0F995897164908A900944124 /* Moving */ = {
			isa = PBXGroup;
			children = (
				0F9958A0164908A900944124 /* AppDelegate.h */,
				0F9958A1164908A900944124 /* AppDelegate.m */,
				0F995898164908A900944124 /* Supporting Files */,
			);
			path = Moving;
			sourceTree = "<group>";
		};
		0F995898164908A900944124 /* Supporting Files */ = {
			isa = PBXGroup;
			children = (
				0F995899164908A900944124 /* Moving-Info.plist */,
				0F99589A164908A900944124 /* InfoPlist.strings */,
				0F99589D164908A900944124 /* main.m */,
				0F99589F164908A900944124 /* Moving-Prefix.pch */,
			);
			name = "Supporting Files";
			sourceTree = "<group>";
		};
		0F9958A8164908B900944124 /* Main */ = {
			isa = PBXGroup;
			children = (
				0F98DC9916490EB80045A8E9 /* iCarousel.h */,
				0F98DC9A16490EB80045A8E9 /* iCarousel.m */,
				0F9958C11649099700944124 /* MainViewController.h */,
				0F9958C21649099700944124 /* MainViewController.m */,
			);
			name = Main;
			sourceTree = "<group>";
		};
		0F9958A9164908C700944124 /* Editer */ = {
			isa = PBXGroup;
			children = (
				0F9958BC1649098300944124 /* EditerViewController.h */,
				0F9958BD1649098300944124 /* EditerViewController.m */,
				0F9958BE1649098300944124 /* EditerViewController.xib */,
			);
			name = Editer;
			sourceTree = "<group>";
		};
		0F9958AA164908DB00944124 /* Watch */ = {
			isa = PBXGroup;
			children = (
				0F9958B71649097600944124 /* WatchViewController.h */,
				0F9958B81649097600944124 /* WatchViewController.m */,
				0F9958B91649097600944124 /* WatchViewController.xib */,
			);
			name = Watch;
			sourceTree = "<group>";
		};
		0F9958AB164908E300944124 /* Experience */ = {
			isa = PBXGroup;
			children = (
				0F9958B21649096800944124 /* ExperienceViewController.h */,
				0F9958B31649096800944124 /* ExperienceViewController.m */,
				0F9958B41649096800944124 /* ExperienceViewController.xib */,
			);
			name = Experience;
			sourceTree = "<group>";
		};
		0F9958AC1649090600944124 /* Information */ = {
			isa = PBXGroup;
			children = (
				0F9958AD1649092D00944124 /* InformationViewController.h */,
				0F9958AE1649092D00944124 /* InformationViewController.m */,
				0F9958AF1649092D00944124 /* InformationViewController.xib */,
			);
			name = Information;
			sourceTree = "<group>";
		};
/* End PBXGroup section */

/* Begin PBXNativeTarget section */
		0F99588C164908A900944124 /* Moving */ = {
			isa = PBXNativeTarget;
			buildConfigurationList = 0F9958A5164908A900944124 /* Build configuration list for PBXNativeTarget "Moving" */;
			buildPhases = (
				0F995889164908A900944124 /* Sources */,
				0F99588A164908A900944124 /* Frameworks */,
				0F99588B164908A900944124 /* Resources */,
			);
			buildRules = (
			);
			dependencies = (
			);
			name = Moving;
			productName = Moving;
			productReference = 0F99588D164908A900944124 /* Moving.app */;
			productType = "com.apple.product-type.application";
		};
/* End PBXNativeTarget section */

/* Begin PBXProject section */
		0F995884164908A800944124 /* Project object */ = {
			isa = PBXProject;
			attributes = {
				LastUpgradeCheck = 0430;
			};
			buildConfigurationList = 0F995887164908A800944124 /* Build configuration list for PBXProject "Moving" */;
			compatibilityVersion = "Xcode 3.2";
			developmentRegion = English;
			hasScannedForEncodings = 0;
			knownRegions = (
				en,
			);
			mainGroup = 0F995882164908A800944124;
			productRefGroup = 0F99588E164908A900944124 /* Products */;
			projectDirPath = "";
			projectRoot = "";
			targets = (
				0F99588C164908A900944124 /* Moving */,
			);
		};
/* End PBXProject section */

/* Begin PBXResourcesBuildPhase section */
		0F99588B164908A900944124 /* Resources */ = {
			isa = PBXResourcesBuildPhase;
			buildActionMask = 2147483647;
			files = (
				0F99589C164908A900944124 /* InfoPlist.strings in Resources */,
				0F9958B11649092D00944124 /* InformationViewController.xib in Resources */,
				0F9958B61649096800944124 /* ExperienceViewController.xib in Resources */,
				0F9958BB1649097600944124 /* WatchViewController.xib in Resources */,
				0F9958C01649098300944124 /* EditerViewController.xib in Resources */,
				0F98DC8016490E700045A8E9 /* Default.png in Resources */,
				0F98DC8116490E700045A8E9 /* Default@2x.png in Resources */,
				0F98DC8216490E700045A8E9 /* Icon-72.png in Resources */,
				0F98DC8316490E700045A8E9 /* Icon-72@2x.png in Resources */,
				0F98DC8416490E700045A8E9 /* Icon-Small.png in Resources */,
				0F98DC8516490E700045A8E9 /* Icon-Small@2x.png in Resources */,
				0F98DC8616490E700045A8E9 /* Icon.png in Resources */,
				0F98DC8716490E700045A8E9 /* Icon@2x.png in Resources */,
				0F98DC9116490E790045A8E9 /* background_home.png in Resources */,
				0F98DC9216490E790045A8E9 /* check_home.png in Resources */,
				0F98DC9316490E790045A8E9 /* con_home.png in Resources */,
				0F98DC9416490E790045A8E9 /* exam_home.png in Resources */,
				0F98DC9516490E790045A8E9 /* infor_home.png in Resources */,
				0F98DC9616490E790045A8E9 /* monitor_home.png in Resources */,
				0F98DC9716490E790045A8E9 /* scoll_home.png in Resources */,
				0F98DC9816490E790045A8E9 /* seting_home.png in Resources */,
			);
			runOnlyForDeploymentPostprocessing = 0;
		};
/* End PBXResourcesBuildPhase section */

/* Begin PBXSourcesBuildPhase section */
		0F995889164908A900944124 /* Sources */ = {
			isa = PBXSourcesBuildPhase;
			buildActionMask = 2147483647;
			files = (
				0F99589E164908A900944124 /* main.m in Sources */,
				0F9958A2164908A900944124 /* AppDelegate.m in Sources */,
				0F9958B01649092D00944124 /* InformationViewController.m in Sources */,
				0F9958B51649096800944124 /* ExperienceViewController.m in Sources */,
				0F9958BA1649097600944124 /* WatchViewController.m in Sources */,
				0F9958BF1649098300944124 /* EditerViewController.m in Sources */,
				0F9958C41649099700944124 /* MainViewController.m in Sources */,
				0F98DC9B16490EB80045A8E9 /* iCarousel.m in Sources */,
				0F69E7B51649302E0045471E /* NSObject+SBJson.m in Sources */,
				0F69E7B61649302E0045471E /* SBJsonParser.m in Sources */,
				0F69E7B71649302E0045471E /* SBJsonStreamParser.m in Sources */,
				0F69E7B81649302E0045471E /* SBJsonStreamParserAccumulator.m in Sources */,
				0F69E7B91649302E0045471E /* SBJsonStreamParserAdapter.m in Sources */,
				0F69E7BA1649302E0045471E /* SBJsonStreamParserState.m in Sources */,
				0F69E7BB1649302E0045471E /* SBJsonStreamWriter.m in Sources */,
				0F69E7BC1649302E0045471E /* SBJsonStreamWriterAccumulator.m in Sources */,
				0F69E7BD1649302E0045471E /* SBJsonStreamWriterState.m in Sources */,
				0F69E7BE1649302E0045471E /* SBJsonTokeniser.m in Sources */,
				0F69E7BF1649302E0045471E /* SBJsonUTF8Stream.m in Sources */,
				0F69E7C01649302E0045471E /* SBJsonWriter.m in Sources */,
			);
			runOnlyForDeploymentPostprocessing = 0;
		};
/* End PBXSourcesBuildPhase section */

/* Begin PBXVariantGroup section */
		0F99589A164908A900944124 /* InfoPlist.strings */ = {
			isa = PBXVariantGroup;
			children = (
				0F99589B164908A900944124 /* en */,
			);
			name = InfoPlist.strings;
			sourceTree = "<group>";
		};
/* End PBXVariantGroup section */

/* Begin XCBuildConfiguration section */
		0F9958A3164908A900944124 /* Debug */ = {
			isa = XCBuildConfiguration;
			buildSettings = {
				ALWAYS_SEARCH_USER_PATHS = NO;
				ARCHS = "$(ARCHS_STANDARD_32_BIT)";
				"CODE_SIGN_IDENTITY[sdk=iphoneos*]" = "iPhone Developer";
				COPY_PHASE_STRIP = NO;
				GCC_C_LANGUAGE_STANDARD = gnu99;
				GCC_DYNAMIC_NO_PIC = NO;
				GCC_OPTIMIZATION_LEVEL = 0;
				GCC_PREPROCESSOR_DEFINITIONS = (
					"DEBUG=1",
					"$(inherited)",
				);
				GCC_SYMBOLS_PRIVATE_EXTERN = NO;
				GCC_VERSION = com.apple.compilers.llvm.clang.1_0;
				GCC_WARN_ABOUT_RETURN_TYPE = YES;
				GCC_WARN_UNINITIALIZED_AUTOS = YES;
				GCC_WARN_UNUSED_VARIABLE = YES;
				IPHONEOS_DEPLOYMENT_TARGET = 5.0;
				SDKROOT = iphoneos;
			};
			name = Debug;
		};
		0F9958A4164908A900944124 /* Release */ = {
			isa = XCBuildConfiguration;
			buildSettings = {
				ALWAYS_SEARCH_USER_PATHS = NO;
				ARCHS = "$(ARCHS_STANDARD_32_BIT)";
				"CODE_SIGN_IDENTITY[sdk=iphoneos*]" = "iPhone Developer";
				COPY_PHASE_STRIP = YES;
				GCC_C_LANGUAGE_STANDARD = gnu99;
				GCC_VERSION = com.apple.compilers.llvm.clang.1_0;
				GCC_WARN_ABOUT_RETURN_TYPE = YES;
				GCC_WARN_UNINITIALIZED_AUTOS = YES;
				GCC_WARN_UNUSED_VARIABLE = YES;
				IPHONEOS_DEPLOYMENT_TARGET = 5.0;
				OTHER_CFLAGS = "-DNS_BLOCK_ASSERTIONS=1";
				SDKROOT = iphoneos;
				VALIDATE_PRODUCT = YES;
			};
			name = Release;
		};
		0F9958A6164908A900944124 /* Debug */ = {
			isa = XCBuildConfiguration;
			buildSettings = {
				GCC_PRECOMPILE_PREFIX_HEADER = YES;
				GCC_PREFIX_HEADER = "Moving/Moving-Prefix.pch";
				INFOPLIST_FILE = "Moving/Moving-Info.plist";
				PRODUCT_NAME = "$(TARGET_NAME)";
				WRAPPER_EXTENSION = app;
			};
			name = Debug;
		};
		0F9958A7164908A900944124 /* Release */ = {
			isa = XCBuildConfiguration;
			buildSettings = {
				GCC_PRECOMPILE_PREFIX_HEADER = YES;
				GCC_PREFIX_HEADER = "Moving/Moving-Prefix.pch";
				INFOPLIST_FILE = "Moving/Moving-Info.plist";
				PRODUCT_NAME = "$(TARGET_NAME)";
				WRAPPER_EXTENSION = app;
			};
			name = Release;
		};
/* End XCBuildConfiguration section */

/* Begin XCConfigurationList section */
		0F995887164908A800944124 /* Build configuration list for PBXProject "Moving" */ = {
			isa = XCConfigurationList;
			buildConfigurations = (
				0F9958A3164908A900944124 /* Debug */,
				0F9958A4164908A900944124 /* Release */,
			);
			defaultConfigurationIsVisible = 0;
			defaultConfigurationName = Release;
		};
		0F9958A5164908A900944124 /* Build configuration list for PBXNativeTarget "Moving" */ = {
			isa = XCConfigurationList;
			buildConfigurations = (
				0F9958A6164908A900944124 /* Debug */,
				0F9958A7164908A900944124 /* Release */,
			);
			defaultConfigurationIsVisible = 0;
			defaultConfigurationName = Release;
		};
/* End XCConfigurationList section */
	};
	rootObject = 0F995884164908A800944124 /* Project object */;
}
